# This file is automatically @generated by Cargo.
# It is not intended for manual editing.
version = 3

[[package]]
name = "bouquet"
version = "0.1.0"
dependencies = [
 "libc",
 "libc_alloc",
]

[[package]]
name = "libc"
version = "0.2.126"
source = "registry+https://github.com/rust-lang/crates.io-index"
checksum = "349d5a591cd28b49e1d1037471617a32ddcda5731b99419008085f72d5a53836"

[[package]]
name = "libc_alloc"
version = "1.0.3"
source = "registry+https://github.com/rust-lang/crates.io-index"
checksum = "db1d62455a2746a7f4a67a62d77f969954cd7d3bca46e4d037acd097ba79dab4"
